
Microsoft Visual Studio Solution File, Format Version 12.00
# Visual Studio Version 16
VisualStudioVersion = 16.0.30320.27
MinimumVisualStudioVersion = 10.0.40219.1
Project("{FAE04EC0-301F-11D3-BF4B-00C04F79EFBC}") = "Mvc_EFCore2", "Mvc_EFCore2\Mvc_EFCore2.csproj", "{7DEFA940-2192-4B88-AF07-9DCD2A7D3AE3}"
EndProject
Global
	GlobalSection(SolutionConfigurationPlatforms) = preSolution
		Debug|Any CPU = Debug|Any CPU
		Release|Any CPU = Release|Any CPU
	EndGlobalSection
	GlobalSection(ProjectConfigurationPlatforms) = postSolution
		{7DEFA940-2192-4B88-AF07-9DCD2A7D3AE3}.Debug|Any CPU.ActiveCfg = Debug|Any CPU
		{7DEFA940-2192-4B88-AF07-9DCD2A7D3AE3}.Debug|Any CPU.Build.0 = Debug|Any CPU
		{7DEFA940-2192-4B88-AF07-9DCD2A7D3AE3}.Release|Any CPU.ActiveCfg = Release|Any CPU
		{7DEFA940-2192-4B88-AF07-9DCD2A7D3AE3}.Release|Any CPU.Build.0 = Release|Any CPU
	EndGlobalSection
	GlobalSection(SolutionProperties) = preSolution
		HideSolutionNode = FALSE
	EndGlobalSection
	GlobalSection(ExtensibilityGlobals) = postSolution
		SolutionGuid = {465A4705-E0B9-48EC-967B-28CCB9044E08}
	EndGlobalSection
EndGlobal
